
Microsoft Visual Studio Solution File, Format Version 12.00
# Visual Studio 15
VisualStudioVersion = 15.0.26730.12
MinimumVisualStudioVersion = 10.0.40219.1
Project("{FAE04EC0-301F-11D3-BF4B-00C04F79EFBC}") = "Cam Program", "Cam Program\Cam Program.csproj", "{C1732575-8BA8-434C-B430-637AD89218D8}"
EndProject
Global
	GlobalSection(SolutionConfigurationPlatforms) = preSolution
		Debug|Any CPU = Debug|Any CPU
		Release|Any CPU = Release|Any CPU
	EndGlobalSection
	GlobalSection(ProjectConfigurationPlatforms) = postSolution
		{C1732575-8BA8-434C-B430-637AD89218D8}.Debug|Any CPU.ActiveCfg = Debug|Any CPU
		{C1732575-8BA8-434C-B430-637AD89218D8}.Debug|Any CPU.Build.0 = Debug|Any CPU
		{C1732575-8BA8-434C-B430-637AD89218D8}.Release|Any CPU.ActiveCfg = Release|Any CPU
		{C1732575-8BA8-434C-B430-637AD89218D8}.Release|Any CPU.Build.0 = Release|Any CPU
	EndGlobalSection
	GlobalSection(SolutionProperties) = preSolution
		HideSolutionNode = FALSE
	EndGlobalSection
	GlobalSection(ExtensibilityGlobals) = postSolution
		SolutionGuid = {05F2F485-D1E7-4CDA-930E-F10509A2D55D}
	EndGlobalSection
EndGlobal
